<?xml version="1.0" encoding="UTF-8"?>
<CONFIG>
  <ProjectOptions>
    <Version Value="11"/>
    <General>
      <Flags>
        <MainUnitHasCreateFormStatements Value="False"/>
        <MainUnitHasTitleStatement Value="False"/>
        <MainUnitHasScaledStatement Value="False"/>
      </Flags>
      <SessionStorage Value="InProjectDir"/>
      <MainUnit Value="0"/>
      <Title Value="UltraGen"/>
      <UseAppBundle Value="False"/>
      <ResourceType Value="res"/>
    </General>
    <BuildModes Count="1">
      <Item1 Name="Default" Default="True"/>
    </BuildModes>
    <PublishOptions>
      <Version Value="2"/>
      <UseFileFilters Value="True"/>
    </PublishOptions>
    <RunParams>
      <FormatVersion Value="2"/>
      <Modes Count="0"/>
    </RunParams>
    <RequiredPackages Count="1">
      <Item1>
        <PackageName Value="LazUtils"/>
      </Item1>
    </RequiredPackages>
    <Units Count="25">
      <Unit0>
        <Filename Value="UltraGen.lpr"/>
        <IsPartOfProject Value="True"/>
      </Unit0>
      <Unit1>
        <Filename Value="Classes/genfileclass.pas"/>
        <IsPartOfProject Value="True"/>
        <UnitName Value="GenFileClass"/>
      </Unit1>
      <Unit2>
        <Filename Value="Classes/genfilesetclass.pas"/>
        <IsPartOfProject Value="True"/>
        <UnitName Value="GenFileSetClass"/>
      </Unit2>
      <Unit3>
        <Filename Value="Classes/parserclass.pas"/>
        <IsPartOfProject Value="True"/>
        <UnitName Value="ParserClass"/>
      </Unit3>
      <Unit4>
        <Filename Value="Classes/templateclass.pas"/>
        <IsPartOfProject Value="True"/>
        <UnitName Value="TemplateClass"/>
      </Unit4>
      <Unit5>
        <Filename Value="Classes/workclass.pas"/>
        <IsPartOfProject Value="True"/>
        <UnitName Value="WorkClass"/>
      </Unit5>
      <Unit6>
        <Filename Value="Functions/booleansfunctions.pas"/>
        <IsPartOfProject Value="True"/>
        <UnitName Value="BooleansFunctions"/>
      </Unit6>
      <Unit7>
        <Filename Value="Functions/datetimefunctions.pas"/>
        <IsPartOfProject Value="True"/>
        <UnitName Value="DateTimeFunctions"/>
      </Unit7>
      <Unit8>
        <Filename Value="Functions/listfunctions.pas"/>
        <IsPartOfProject Value="True"/>
        <UnitName Value="ListFunctions"/>
      </Unit8>
      <Unit9>
        <Filename Value="Functions/stringsfunctions.pas"/>
        <IsPartOfProject Value="True"/>
        <UnitName Value="StringsFunctions"/>
      </Unit9>
      <Unit10>
        <Filename Value="Globals/constantsglobals.pas"/>
        <IsPartOfProject Value="True"/>
        <UnitName Value="ConstantsGlobals"/>
      </Unit10>
      <Unit11>
        <Filename Value="Globals/typesglobals.pas"/>
        <IsPartOfProject Value="True"/>
        <UnitName Value="TypesGlobals"/>
      </Unit11>
      <Unit12>
        <Filename Value="Globals/variablesglobals.pas"/>
        <IsPartOfProject Value="True"/>
        <UnitName Value="VariablesGlobals"/>
      </Unit12>
      <Unit13>
        <Filename Value="Utils/filehandlingutils.pas"/>
        <IsPartOfProject Value="True"/>
        <UnitName Value="FileHandlingUtils"/>
      </Unit13>
      <Unit14>
        <Filename Value="Classes/webserverclass.pas"/>
        <IsPartOfProject Value="True"/>
        <UnitName Value="WebServerClass"/>
      </Unit14>
      <Unit15>
        <Filename Value="Functions/mathfunctions.pas"/>
        <IsPartOfProject Value="True"/>
        <UnitName Value="MathFunctions"/>
      </Unit15>
      <Unit16>
        <Filename Value="Classes/jsontogenclass.pas"/>
        <IsPartOfProject Value="True"/>
        <UnitName Value="JsonToGenClass"/>
      </Unit16>
      <Unit17>
        <Filename Value="Classes/queueclass.pas"/>
        <IsPartOfProject Value="True"/>
        <UnitName Value="QueueClass"/>
      </Unit17>
      <Unit18>
        <Filename Value="Classes/queuelistclass.pas"/>
        <IsPartOfProject Value="True"/>
        <UnitName Value="QueueListClass"/>
      </Unit18>
      <Unit19>
        <Filename Value="Classes/threadedtemplateclass.pas"/>
        <IsPartOfProject Value="True"/>
        <UnitName Value="ThreadedTemplateClass"/>
      </Unit19>
      <Unit20>
        <Filename Value="Exceptions/variableexceptionsclass.pas"/>
        <IsPartOfProject Value="True"/>
        <UnitName Value="VariableExceptionsClass"/>
      </Unit20>
      <Unit21>
        <Filename Value="Exceptions/exceptionsfunctions.pas"/>
        <IsPartOfProject Value="True"/>
        <UnitName Value="ExceptionsFunctions"/>
      </Unit21>
      <Unit22>
        <Filename Value="Exceptions/genexceptionsclass.pas"/>
        <IsPartOfProject Value="True"/>
        <UnitName Value="GenExceptionsClass"/>
      </Unit22>
      <Unit23>
        <Filename Value="Exceptions/aliasexceptionclass.pas"/>
        <IsPartOfProject Value="True"/>
        <UnitName Value="AliasExceptionClass"/>
      </Unit23>
      <Unit24>
        <Filename Value="Exceptions/fileexceptionclass.pas"/>
        <IsPartOfProject Value="True"/>
        <UnitName Value="FileExceptionClass"/>
      </Unit24>
    </Units>
  </ProjectOptions>
  <CompilerOptions>
    <Version Value="11"/>
    <Target>
      <Filename Value="../build/bin/ultragen"/>
    </Target>
    <SearchPaths>
      <IncludeFiles Value="$(ProjOutDir)"/>
      <OtherUnitFiles Value="Classes;Functions;Globals;Utils;Exceptions"/>
      <UnitOutputDirectory Value="lib/$(TargetCPU)-$(TargetOS)"/>
    </SearchPaths>
    <CodeGeneration>
      <Optimizations>
        <OptimizationLevel Value="3"/>
      </Optimizations>
    </CodeGeneration>
  </CompilerOptions>
  <Debugging>
    <Exceptions Count="6">
      <Item1>
        <Name Value="EAbort"/>
      </Item1>
      <Item2>
        <Name Value="ECodetoolError"/>
      </Item2>
      <Item3>
        <Name Value="EFOpenError"/>
      </Item3>
      <Item4>
        <Name Value="EConvertError"/>
      </Item4>
      <Item5>
        <Name Value="EHTTPServer"/>
      </Item5>
      <Item6>
        <Name Value="RunError(216)"/>
      </Item6>
    </Exceptions>
  </Debugging>
</CONFIG>
